// !$*UTF8*$!
{
	archiveVersion = 1;
	classes = {
	};
	objectVersion = 55;
	objects = {

/* Begin PBXBuildFile section */
		4635B3002733F696003F329B /* DataTask.swift in Sources */ = {isa = PBXBuildFile; fileRef = 4635B2FF2733F696003F329B /* DataTask.swift */; };
		4640E87B273071100004242C /* AppDelegate.swift in Sources */ = {isa = PBXBuildFile; fileRef = 4640E87A273071100004242C /* AppDelegate.swift */; };
		4640E87D273071100004242C /* SceneDelegate.swift in Sources */ = {isa = PBXBuildFile; fileRef = 4640E87C273071100004242C /* SceneDelegate.swift */; };
		4640E87F273071100004242C /* EventListViewController.swift in Sources */ = {isa = PBXBuildFile; fileRef = 4640E87E273071100004242C /* EventListViewController.swift */; };
		4640E882273071100004242C /* Main.storyboard in Resources */ = {isa = PBXBuildFile; fileRef = 4640E880273071100004242C /* Main.storyboard */; };
		4640E884273071150004242C /* Assets.xcassets in Resources */ = {isa = PBXBuildFile; fileRef = 4640E883273071150004242C /* Assets.xcassets */; };
		4640E887273071150004242C /* LaunchScreen.storyboard in Resources */ = {isa = PBXBuildFile; fileRef = 4640E885273071150004242C /* LaunchScreen.storyboard */; };
		4640E892273071150004242C /* WoopSicredi3Tests.swift in Sources */ = {isa = PBXBuildFile; fileRef = 4640E891273071150004242C /* WoopSicredi3Tests.swift */; };
		4640E89C273071150004242C /* WoopSicredi3UITests.swift in Sources */ = {isa = PBXBuildFile; fileRef = 4640E89B273071150004242C /* WoopSicredi3UITests.swift */; };
		4640E89E273071150004242C /* WoopSicredi3UITestsLaunchTests.swift in Sources */ = {isa = PBXBuildFile; fileRef = 4640E89D273071150004242C /* WoopSicredi3UITestsLaunchTests.swift */; };
		4692BCA52734991600FBB56B /* EventDetailViewController.swift in Sources */ = {isa = PBXBuildFile; fileRef = 4692BCA42734991600FBB56B /* EventDetailViewController.swift */; };
		4692BCA727349B4700FBB56B /* EventDetailViewModel.swift in Sources */ = {isa = PBXBuildFile; fileRef = 4692BCA627349B4700FBB56B /* EventDetailViewModel.swift */; };
		4692BCAB2734BAD900FBB56B /* EventDetailTableViewCell.xib in Resources */ = {isa = PBXBuildFile; fileRef = 4692BCAA2734BAD900FBB56B /* EventDetailTableViewCell.xib */; };
		4692BCAE2734BC1600FBB56B /* EventDetailTableViewCell.swift in Sources */ = {isa = PBXBuildFile; fileRef = 4692BCAD2734BC1600FBB56B /* EventDetailTableViewCell.swift */; };
		4692BCB22734C1AD00FBB56B /* UIImage.swift in Sources */ = {isa = PBXBuildFile; fileRef = 4692BCB12734C1AD00FBB56B /* UIImage.swift */; };
		4692BCB62734D09E00FBB56B /* Error.swift in Sources */ = {isa = PBXBuildFile; fileRef = 4692BCB52734D09E00FBB56B /* Error.swift */; };
		4692BCB82734D1AC00FBB56B /* Constants.swift in Sources */ = {isa = PBXBuildFile; fileRef = 4692BCB72734D1AC00FBB56B /* Constants.swift */; };
		4699E9E9273076B40027944B /* EventTableViewCell.xib in Resources */ = {isa = PBXBuildFile; fileRef = 4699E9E8273076B40027944B /* EventTableViewCell.xib */; };
		4699E9EB273076C40027944B /* EventTableViewCell.swift in Sources */ = {isa = PBXBuildFile; fileRef = 4699E9EA273076C40027944B /* EventTableViewCell.swift */; };
		4699E9ED273076D70027944B /* EventTableViewCellViewModel.swift in Sources */ = {isa = PBXBuildFile; fileRef = 4699E9EC273076D70027944B /* EventTableViewCellViewModel.swift */; };
		4699E9F12730841B0027944B /* EventAPIManager.swift in Sources */ = {isa = PBXBuildFile; fileRef = 4699E9F02730841B0027944B /* EventAPIManager.swift */; };
		4699E9F3273088E70027944B /* Event.swift in Sources */ = {isa = PBXBuildFile; fileRef = 4699E9F2273088E70027944B /* Event.swift */; };
		4699E9F62730931F0027944B /* EventListViewModel.swift in Sources */ = {isa = PBXBuildFile; fileRef = 4699E9F52730931F0027944B /* EventListViewModel.swift */; };
		A4EA266DD04C3DF4AAFCD28F /* Pods_WoopSicredi3.framework in Frameworks */ = {isa = PBXBuildFile; fileRef = 6D9742771B20C518B0EC4CCB /* Pods_WoopSicredi3.framework */; };
		D7BDBDCC074519537BB5721E /* Pods_WoopSicredi3Tests.framework in Frameworks */ = {isa = PBXBuildFile; fileRef = 056304B39A43094255B60BCD /* Pods_WoopSicredi3Tests.framework */; };
/* End PBXBuildFile section */

/* Begin PBXContainerItemProxy section */
		4640E88E273071150004242C /* PBXContainerItemProxy */ = {
			isa = PBXContainerItemProxy;
			containerPortal = 4640E86F273071100004242C /* Project object */;
			proxyType = 1;
			remoteGlobalIDString = 4640E876273071100004242C;
			remoteInfo = WoopSicredi3;
		};
		4640E898273071150004242C /* PBXContainerItemProxy */ = {
			isa = PBXContainerItemProxy;
			containerPortal = 4640E86F273071100004242C /* Project object */;
			proxyType = 1;
			remoteGlobalIDString = 4640E876273071100004242C;
			remoteInfo = WoopSicredi3;
		};
/* End PBXContainerItemProxy section */

/* Begin PBXFileReference section */
		056304B39A43094255B60BCD /* Pods_WoopSicredi3Tests.framework */ = {isa = PBXFileReference; explicitFileType = wrapper.framework; includeInIndex = 0; path = Pods_WoopSicredi3Tests.framework; sourceTree = BUILT_PRODUCTS_DIR; };
		186BF56C4B8323028D1B53F5 /* Pods-WoopSicredi3Tests.release.xcconfig */ = {isa = PBXFileReference; includeInIndex = 1; lastKnownFileType = text.xcconfig; name = "Pods-WoopSicredi3Tests.release.xcconfig"; path = "Target Support Files/Pods-WoopSicredi3Tests/Pods-WoopSicredi3Tests.release.xcconfig"; sourceTree = "<group>"; };
		4635B2FF2733F696003F329B /* DataTask.swift */ = {isa = PBXFileReference; lastKnownFileType = sourcecode.swift; path = DataTask.swift; sourceTree = "<group>"; };
		4640E877273071100004242C /* WoopSicredi3.app */ = {isa = PBXFileReference; explicitFileType = wrapper.application; includeInIndex = 0; path = WoopSicredi3.app; sourceTree = BUILT_PRODUCTS_DIR; };
		4640E87A273071100004242C /* AppDelegate.swift */ = {isa = PBXFileReference; lastKnownFileType = sourcecode.swift; path = AppDelegate.swift; sourceTree = "<group>"; };
		4640E87C273071100004242C /* SceneDelegate.swift */ = {isa = PBXFileReference; lastKnownFileType = sourcecode.swift; path = SceneDelegate.swift; sourceTree = "<group>"; };
		4640E87E273071100004242C /* EventListViewController.swift */ = {isa = PBXFileReference; lastKnownFileType = sourcecode.swift; path = EventListViewController.swift; sourceTree = "<group>"; };
		4640E881273071100004242C /* Base */ = {isa = PBXFileReference; lastKnownFileType = file.storyboard; name = Base; path = Base.lproj/Main.storyboard; sourceTree = "<group>"; };
		4640E883273071150004242C /* Assets.xcassets */ = {isa = PBXFileReference; lastKnownFileType = folder.assetcatalog; path = Assets.xcassets; sourceTree = "<group>"; };
		4640E886273071150004242C /* Base */ = {isa = PBXFileReference; lastKnownFileType = file.storyboard; name = Base; path = Base.lproj/LaunchScreen.storyboard; sourceTree = "<group>"; };
		4640E888273071150004242C /* Info.plist */ = {isa = PBXFileReference; lastKnownFileType = text.plist.xml; path = Info.plist; sourceTree = "<group>"; };
		4640E88D273071150004242C /* WoopSicredi3Tests.xctest */ = {isa = PBXFileReference; explicitFileType = wrapper.cfbundle; includeInIndex = 0; path = WoopSicredi3Tests.xctest; sourceTree = BUILT_PRODUCTS_DIR; };
		4640E891273071150004242C /* WoopSicredi3Tests.swift */ = {isa = PBXFileReference; lastKnownFileType = sourcecode.swift; path = WoopSicredi3Tests.swift; sourceTree = "<group>"; };
		4640E897273071150004242C /* WoopSicredi3UITests.xctest */ = {isa = PBXFileReference; explicitFileType = wrapper.cfbundle; includeInIndex = 0; path = WoopSicredi3UITests.xctest; sourceTree = BUILT_PRODUCTS_DIR; };
		4640E89B273071150004242C /* WoopSicredi3UITests.swift */ = {isa = PBXFileReference; lastKnownFileType = sourcecode.swift; path = WoopSicredi3UITests.swift; sourceTree = "<group>"; };
		4640E89D273071150004242C /* WoopSicredi3UITestsLaunchTests.swift */ = {isa = PBXFileReference; lastKnownFileType = sourcecode.swift; path = WoopSicredi3UITestsLaunchTests.swift; sourceTree = "<group>"; };
		4692BCA42734991600FBB56B /* EventDetailViewController.swift */ = {isa = PBXFileReference; lastKnownFileType = sourcecode.swift; path = EventDetailViewController.swift; sourceTree = "<group>"; };
		4692BCA627349B4700FBB56B /* EventDetailViewModel.swift */ = {isa = PBXFileReference; lastKnownFileType = sourcecode.swift; path = EventDetailViewModel.swift; sourceTree = "<group>"; };
		4692BCAA2734BAD900FBB56B /* EventDetailTableViewCell.xib */ = {isa = PBXFileReference; lastKnownFileType = file.xib; path = EventDetailTableViewCell.xib; sourceTree = "<group>"; };
		4692BCAD2734BC1600FBB56B /* EventDetailTableViewCell.swift */ = {isa = PBXFileReference; lastKnownFileType = sourcecode.swift; path = EventDetailTableViewCell.swift; sourceTree = "<group>"; };
		4692BCB12734C1AD00FBB56B /* UIImage.swift */ = {isa = PBXFileReference; lastKnownFileType = sourcecode.swift; path = UIImage.swift; sourceTree = "<group>"; };
		4692BCB52734D09E00FBB56B /* Error.swift */ = {isa = PBXFileReference; lastKnownFileType = sourcecode.swift; path = Error.swift; sourceTree = "<group>"; };
		4692BCB72734D1AC00FBB56B /* Constants.swift */ = {isa = PBXFileReference; lastKnownFileType = sourcecode.swift; path = Constants.swift; sourceTree = "<group>"; };
		4699E9E8273076B40027944B /* EventTableViewCell.xib */ = {isa = PBXFileReference; lastKnownFileType = file.xib; path = EventTableViewCell.xib; sourceTree = "<group>"; };
		4699E9EA273076C40027944B /* EventTableViewCell.swift */ = {isa = PBXFileReference; lastKnownFileType = sourcecode.swift; path = EventTableViewCell.swift; sourceTree = "<group>"; };
		4699E9EC273076D70027944B /* EventTableViewCellViewModel.swift */ = {isa = PBXFileReference; lastKnownFileType = sourcecode.swift; path = EventTableViewCellViewModel.swift; sourceTree = "<group>"; };
		4699E9F02730841B0027944B /* EventAPIManager.swift */ = {isa = PBXFileReference; lastKnownFileType = sourcecode.swift; path = EventAPIManager.swift; sourceTree = "<group>"; };
		4699E9F2273088E70027944B /* Event.swift */ = {isa = PBXFileReference; lastKnownFileType = sourcecode.swift; path = Event.swift; sourceTree = "<group>"; };
		4699E9F52730931F0027944B /* EventListViewModel.swift */ = {isa = PBXFileReference; lastKnownFileType = sourcecode.swift; path = EventListViewModel.swift; sourceTree = "<group>"; };
		6D9742771B20C518B0EC4CCB /* Pods_WoopSicredi3.framework */ = {isa = PBXFileReference; explicitFileType = wrapper.framework; includeInIndex = 0; path = Pods_WoopSicredi3.framework; sourceTree = BUILT_PRODUCTS_DIR; };
		82053D532FFC1760DDAECE7A /* Pods-WoopSicredi3Tests.debug.xcconfig */ = {isa = PBXFileReference; includeInIndex = 1; lastKnownFileType = text.xcconfig; name = "Pods-WoopSicredi3Tests.debug.xcconfig"; path = "Target Support Files/Pods-WoopSicredi3Tests/Pods-WoopSicredi3Tests.debug.xcconfig"; sourceTree = "<group>"; };
		A090F8F3A8673D24856144DC /* Pods-WoopSicredi3.debug.xcconfig */ = {isa = PBXFileReference; includeInIndex = 1; lastKnownFileType = text.xcconfig; name = "Pods-WoopSicredi3.debug.xcconfig"; path = "Target Support Files/Pods-WoopSicredi3/Pods-WoopSicredi3.debug.xcconfig"; sourceTree = "<group>"; };
		DFD2E25B296F194A37F2C370 /* Pods-WoopSicredi3.release.xcconfig */ = {isa = PBXFileReference; includeInIndex = 1; lastKnownFileType = text.xcconfig; name = "Pods-WoopSicredi3.release.xcconfig"; path = "Target Support Files/Pods-WoopSicredi3/Pods-WoopSicredi3.release.xcconfig"; sourceTree = "<group>"; };
/* End PBXFileReference section */

/* Begin PBXFrameworksBuildPhase section */
		4640E874273071100004242C /* Frameworks */ = {
			isa = PBXFrameworksBuildPhase;
			buildActionMask = 2147483647;
			files = (
				A4EA266DD04C3DF4AAFCD28F /* Pods_WoopSicredi3.framework in Frameworks */,
			);
			runOnlyForDeploymentPostprocessing = 0;
		};
		4640E88A273071150004242C /* Frameworks */ = {
			isa = PBXFrameworksBuildPhase;
			buildActionMask = 2147483647;
			files = (
				D7BDBDCC074519537BB5721E /* Pods_WoopSicredi3Tests.framework in Frameworks */,
			);
			runOnlyForDeploymentPostprocessing = 0;
		};
		4640E894273071150004242C /* Frameworks */ = {
			isa = PBXFrameworksBuildPhase;
			buildActionMask = 2147483647;
			files = (
			);
			runOnlyForDeploymentPostprocessing = 0;
		};
/* End PBXFrameworksBuildPhase section */

/* Begin PBXGroup section */
		4635B3012733F70E003F329B /* Shared */ = {
			isa = PBXGroup;
			children = (
				4635B2FF2733F696003F329B /* DataTask.swift */,
				4692BCB12734C1AD00FBB56B /* UIImage.swift */,
				4692BCB52734D09E00FBB56B /* Error.swift */,
				4692BCB72734D1AC00FBB56B /* Constants.swift */,
			);
			path = Shared;
			sourceTree = "<group>";
		};
		4640E86E273071100004242C = {
			isa = PBXGroup;
			children = (
				4640E879273071100004242C /* WoopSicredi3 */,
				4640E890273071150004242C /* WoopSicredi3Tests */,
				4640E89A273071150004242C /* WoopSicredi3UITests */,
				4640E878273071100004242C /* Products */,
				7B5586217AFBE862350A7891 /* Pods */,
				DB6E5A79A4F187F60FA653FF /* Frameworks */,
			);
			sourceTree = "<group>";
		};
		4640E878273071100004242C /* Products */ = {
			isa = PBXGroup;
			children = (
				4640E877273071100004242C /* WoopSicredi3.app */,
				4640E88D273071150004242C /* WoopSicredi3Tests.xctest */,
				4640E897273071150004242C /* WoopSicredi3UITests.xctest */,
			);
			name = Products;
			sourceTree = "<group>";
		};
		4640E879273071100004242C /* WoopSicredi3 */ = {
			isa = PBXGroup;
			children = (
				4635B3012733F70E003F329B /* Shared */,
				4699E9F4273090910027944B /* EventDetail */,
				4699E9EF273079430027944B /* Model */,
				4699E9EE273076FE0027944B /* Network */,
				46A668212730750A00D0352A /* Support */,
				4699E9E6273076740027944B /* EventList */,
				4640E883273071150004242C /* Assets.xcassets */,
				4640E885273071150004242C /* LaunchScreen.storyboard */,
			);
			path = WoopSicredi3;
			sourceTree = "<group>";
		};
		4640E890273071150004242C /* WoopSicredi3Tests */ = {
			isa = PBXGroup;
			children = (
				4640E891273071150004242C /* WoopSicredi3Tests.swift */,
			);
			path = WoopSicredi3Tests;
			sourceTree = "<group>";
		};
		4640E89A273071150004242C /* WoopSicredi3UITests */ = {
			isa = PBXGroup;
			children = (
				4640E89B273071150004242C /* WoopSicredi3UITests.swift */,
				4640E89D273071150004242C /* WoopSicredi3UITestsLaunchTests.swift */,
			);
			path = WoopSicredi3UITests;
			sourceTree = "<group>";
		};
		4692BCAC2734BBFB00FBB56B /* EventDetailCell */ = {
			isa = PBXGroup;
			children = (
				4692BCAA2734BAD900FBB56B /* EventDetailTableViewCell.xib */,
				4692BCAD2734BC1600FBB56B /* EventDetailTableViewCell.swift */,
			);
			path = EventDetailCell;
			sourceTree = "<group>";
		};
		4699E9E6273076740027944B /* EventList */ = {
			isa = PBXGroup;
			children = (
				4699E9E72730769D0027944B /* EventCell */,
				4640E87E273071100004242C /* EventListViewController.swift */,
				4699E9F52730931F0027944B /* EventListViewModel.swift */,
				4640E880273071100004242C /* Main.storyboard */,
			);
			path = EventList;
			sourceTree = "<group>";
		};
		4699E9E72730769D0027944B /* EventCell */ = {
			isa = PBXGroup;
			children = (
				4699E9E8273076B40027944B /* EventTableViewCell.xib */,
				4699E9EA273076C40027944B /* EventTableViewCell.swift */,
				4699E9EC273076D70027944B /* EventTableViewCellViewModel.swift */,
			);
			path = EventCell;
			sourceTree = "<group>";
		};
		4699E9EE273076FE0027944B /* Network */ = {
			isa = PBXGroup;
			children = (
				4699E9F02730841B0027944B /* EventAPIManager.swift */,
			);
			path = Network;
			sourceTree = "<group>";
		};
		4699E9EF273079430027944B /* Model */ = {
			isa = PBXGroup;
			children = (
				4699E9F2273088E70027944B /* Event.swift */,
			);
			path = Model;
			sourceTree = "<group>";
		};
		4699E9F4273090910027944B /* EventDetail */ = {
			isa = PBXGroup;
			children = (
				4692BCAC2734BBFB00FBB56B /* EventDetailCell */,
				4692BCA42734991600FBB56B /* EventDetailViewController.swift */,
				4692BCA627349B4700FBB56B /* EventDetailViewModel.swift */,
			);
			path = EventDetail;
			sourceTree = "<group>";
		};
		46A668212730750A00D0352A /* Support */ = {
			isa = PBXGroup;
			children = (
				4640E87C273071100004242C /* SceneDelegate.swift */,
				4640E87A273071100004242C /* AppDelegate.swift */,
				4640E888273071150004242C /* Info.plist */,
			);
			path = Support;
			sourceTree = "<group>";
		};
		7B5586217AFBE862350A7891 /* Pods */ = {
			isa = PBXGroup;
			children = (
				A090F8F3A8673D24856144DC /* Pods-WoopSicredi3.debug.xcconfig */,
				DFD2E25B296F194A37F2C370 /* Pods-WoopSicredi3.release.xcconfig */,
				82053D532FFC1760DDAECE7A /* Pods-WoopSicredi3Tests.debug.xcconfig */,
				186BF56C4B8323028D1B53F5 /* Pods-WoopSicredi3Tests.release.xcconfig */,
			);
			path = Pods;
			sourceTree = "<group>";
		};
		DB6E5A79A4F187F60FA653FF /* Frameworks */ = {
			isa = PBXGroup;
			children = (
				6D9742771B20C518B0EC4CCB /* Pods_WoopSicredi3.framework */,
				056304B39A43094255B60BCD /* Pods_WoopSicredi3Tests.framework */,
			);
			name = Frameworks;
			sourceTree = "<group>";
		};
/* End PBXGroup section */

/* Begin PBXNativeTarget section */
		4640E876273071100004242C /* WoopSicredi3 */ = {
			isa = PBXNativeTarget;
			buildConfigurationList = 4640E8A1273071150004242C /* Build configuration list for PBXNativeTarget "WoopSicredi3" */;
			buildPhases = (
				4486EE0F88AC42047DF644A2 /* [CP] Check Pods Manifest.lock */,
				4640E873273071100004242C /* Sources */,
				4640E874273071100004242C /* Frameworks */,
				4640E875273071100004242C /* Resources */,
				62D609A56FEDE064F869CC4C /* [CP] Embed Pods Frameworks */,
			);
			buildRules = (
			);
			dependencies = (
			);
			name = WoopSicredi3;
			productName = WoopSicredi3;
			productReference = 4640E877273071100004242C /* WoopSicredi3.app */;
			productType = "com.apple.product-type.application";
		};
		4640E88C273071150004242C /* WoopSicredi3Tests */ = {
			isa = PBXNativeTarget;
			buildConfigurationList = 4640E8A4273071150004242C /* Build configuration list for PBXNativeTarget "WoopSicredi3Tests" */;
			buildPhases = (
				3AED5B4292C980919EE99268 /* [CP] Check Pods Manifest.lock */,
				4640E889273071150004242C /* Sources */,
				4640E88A273071150004242C /* Frameworks */,
				4640E88B273071150004242C /* Resources */,
				C172B1B4CA0F6F894661E74E /* [CP] Embed Pods Frameworks */,
			);
			buildRules = (
			);
			dependencies = (
				4640E88F273071150004242C /* PBXTargetDependency */,
			);
			name = WoopSicredi3Tests;
			productName = WoopSicredi3Tests;
			productReference = 4640E88D273071150004242C /* WoopSicredi3Tests.xctest */;
			productType = "com.apple.product-type.bundle.unit-test";
		};
		4640E896273071150004242C /* WoopSicredi3UITests */ = {
			isa = PBXNativeTarget;
			buildConfigurationList = 4640E8A7273071150004242C /* Build configuration list for PBXNativeTarget "WoopSicredi3UITests" */;
			buildPhases = (
				4640E893273071150004242C /* Sources */,
				4640E894273071150004242C /* Frameworks */,
				4640E895273071150004242C /* Resources */,
			);
			buildRules = (
			);
			dependencies = (
				4640E899273071150004242C /* PBXTargetDependency */,
			);
			name = WoopSicredi3UITests;
			productName = WoopSicredi3UITests;
			productReference = 4640E897273071150004242C /* WoopSicredi3UITests.xctest */;
			productType = "com.apple.product-type.bundle.ui-testing";
		};
/* End PBXNativeTarget section */

/* Begin PBXProject section */
		4640E86F273071100004242C /* Project object */ = {
			isa = PBXProject;
			attributes = {
				BuildIndependentTargetsInParallel = 1;
				LastSwiftUpdateCheck = 1310;
				LastUpgradeCheck = 1310;
				TargetAttributes = {
					4640E876273071100004242C = {
						CreatedOnToolsVersion = 13.1;
					};
					4640E88C273071150004242C = {
						CreatedOnToolsVersion = 13.1;
						TestTargetID = 4640E876273071100004242C;
					};
					4640E896273071150004242C = {
						CreatedOnToolsVersion = 13.1;
						TestTargetID = 4640E876273071100004242C;
					};
				};
			};
			buildConfigurationList = 4640E872273071100004242C /* Build configuration list for PBXProject "WoopSicredi3" */;
			compatibilityVersion = "Xcode 13.0";
			developmentRegion = en;
			hasScannedForEncodings = 0;
			knownRegions = (
				en,
				Base,
			);
			mainGroup = 4640E86E273071100004242C;
			productRefGroup = 4640E878273071100004242C /* Products */;
			projectDirPath = "";
			projectRoot = "";
			targets = (
				4640E876273071100004242C /* WoopSicredi3 */,
				4640E88C273071150004242C /* WoopSicredi3Tests */,
				4640E896273071150004242C /* WoopSicredi3UITests */,
			);
		};
/* End PBXProject section */

/* Begin PBXResourcesBuildPhase section */
		4640E875273071100004242C /* Resources */ = {
			isa = PBXResourcesBuildPhase;
			buildActionMask = 2147483647;
			files = (
				4699E9E9273076B40027944B /* EventTableViewCell.xib in Resources */,
				4640E887273071150004242C /* LaunchScreen.storyboard in Resources */,
				4692BCAB2734BAD900FBB56B /* EventDetailTableViewCell.xib in Resources */,
				4640E884273071150004242C /* Assets.xcassets in Resources */,
				4640E882273071100004242C /* Main.storyboard in Resources */,
			);
			runOnlyForDeploymentPostprocessing = 0;
		};
		4640E88B273071150004242C /* Resources */ = {
			isa = PBXResourcesBuildPhase;
			buildActionMask = 2147483647;
			files = (
			);
			runOnlyForDeploymentPostprocessing = 0;
		};
		4640E895273071150004242C /* Resources */ = {
			isa = PBXResourcesBuildPhase;
			buildActionMask = 2147483647;
			files = (
			);
			runOnlyForDeploymentPostprocessing = 0;
		};
/* End PBXResourcesBuildPhase section */

/* Begin PBXShellScriptBuildPhase section */
		3AED5B4292C980919EE99268 /* [CP] Check Pods Manifest.lock */ = {
			isa = PBXShellScriptBuildPhase;
			buildActionMask = 2147483647;
			files = (
			);
			inputFileListPaths = (
			);
			inputPaths = (
				"${PODS_PODFILE_DIR_PATH}/Podfile.lock",
				"${PODS_ROOT}/Manifest.lock",
			);
			name = "[CP] Check Pods Manifest.lock";
			outputFileListPaths = (
			);
			outputPaths = (
				"$(DERIVED_FILE_DIR)/Pods-WoopSicredi3Tests-checkManifestLockResult.txt",
			);
			runOnlyForDeploymentPostprocessing = 0;
			shellPath = /bin/sh;
			shellScript = "diff \"${PODS_PODFILE_DIR_PATH}/Podfile.lock\" \"${PODS_ROOT}/Manifest.lock\" > /dev/null\nif [ $? != 0 ] ; then\n    # print error to STDERR\n    echo \"error: The sandbox is not in sync with the Podfile.lock. Run 'pod install' or update your CocoaPods installation.\" >&2\n    exit 1\nfi\n# This output is used by Xcode 'outputs' to avoid re-running this script phase.\necho \"SUCCESS\" > \"${SCRIPT_OUTPUT_FILE_0}\"\n";
			showEnvVarsInLog = 0;
		};
		4486EE0F88AC42047DF644A2 /* [CP] Check Pods Manifest.lock */ = {
			isa = PBXShellScriptBuildPhase;
			buildActionMask = 2147483647;
			files = (
			);
			inputFileListPaths = (
			);
			inputPaths = (
				"${PODS_PODFILE_DIR_PATH}/Podfile.lock",
				"${PODS_ROOT}/Manifest.lock",
			);
			name = "[CP] Check Pods Manifest.lock";
			outputFileListPaths = (
			);
			outputPaths = (
				"$(DERIVED_FILE_DIR)/Pods-WoopSicredi3-checkManifestLockResult.txt",
			);
			runOnlyForDeploymentPostprocessing = 0;
			shellPath = /bin/sh;
			shellScript = "diff \"${PODS_PODFILE_DIR_PATH}/Podfile.lock\" \"${PODS_ROOT}/Manifest.lock\" > /dev/null\nif [ $? != 0 ] ; then\n    # print error to STDERR\n    echo \"error: The sandbox is not in sync with the Podfile.lock. Run 'pod install' or update your CocoaPods installation.\" >&2\n    exit 1\nfi\n# This output is used by Xcode 'outputs' to avoid re-running this script phase.\necho \"SUCCESS\" > \"${SCRIPT_OUTPUT_FILE_0}\"\n";
			showEnvVarsInLog = 0;
		};
		62D609A56FEDE064F869CC4C /* [CP] Embed Pods Frameworks */ = {
			isa = PBXShellScriptBuildPhase;
			buildActionMask = 2147483647;
			files = (
			);
			inputFileListPaths = (
				"${PODS_ROOT}/Target Support Files/Pods-WoopSicredi3/Pods-WoopSicredi3-frameworks-${CONFIGURATION}-input-files.xcfilelist",
			);
			name = "[CP] Embed Pods Frameworks";
			outputFileListPaths = (
				"${PODS_ROOT}/Target Support Files/Pods-WoopSicredi3/Pods-WoopSicredi3-frameworks-${CONFIGURATION}-output-files.xcfilelist",
			);
			runOnlyForDeploymentPostprocessing = 0;
			shellPath = /bin/sh;
			shellScript = "\"${PODS_ROOT}/Target Support Files/Pods-WoopSicredi3/Pods-WoopSicredi3-frameworks.sh\"\n";
			showEnvVarsInLog = 0;
		};
		C172B1B4CA0F6F894661E74E /* [CP] Embed Pods Frameworks */ = {
			isa = PBXShellScriptBuildPhase;
			buildActionMask = 2147483647;
			files = (
			);
			inputFileListPaths = (
				"${PODS_ROOT}/Target Support Files/Pods-WoopSicredi3Tests/Pods-WoopSicredi3Tests-frameworks-${CONFIGURATION}-input-files.xcfilelist",
			);
			name = "[CP] Embed Pods Frameworks";
			outputFileListPaths = (
				"${PODS_ROOT}/Target Support Files/Pods-WoopSicredi3Tests/Pods-WoopSicredi3Tests-frameworks-${CONFIGURATION}-output-files.xcfilelist",
			);
			runOnlyForDeploymentPostprocessing = 0;
			shellPath = /bin/sh;
			shellScript = "\"${PODS_ROOT}/Target Support Files/Pods-WoopSicredi3Tests/Pods-WoopSicredi3Tests-frameworks.sh\"\n";
			showEnvVarsInLog = 0;
		};
/* End PBXShellScriptBuildPhase section */

/* Begin PBXSourcesBuildPhase section */
		4640E873273071100004242C /* Sources */ = {
			isa = PBXSourcesBuildPhase;
			buildActionMask = 2147483647;
			files = (
				4699E9ED273076D70027944B /* EventTableViewCellViewModel.swift in Sources */,
				4640E87F273071100004242C /* EventListViewController.swift in Sources */,
				4640E87B273071100004242C /* AppDelegate.swift in Sources */,
				4635B3002733F696003F329B /* DataTask.swift in Sources */,
				4699E9F12730841B0027944B /* EventAPIManager.swift in Sources */,
				4692BCB82734D1AC00FBB56B /* Constants.swift in Sources */,
				4692BCAE2734BC1600FBB56B /* EventDetailTableViewCell.swift in Sources */,
				4640E87D273071100004242C /* SceneDelegate.swift in Sources */,
				4692BCA727349B4700FBB56B /* EventDetailViewModel.swift in Sources */,
				4692BCA52734991600FBB56B /* EventDetailViewController.swift in Sources */,
				4699E9F62730931F0027944B /* EventListViewModel.swift in Sources */,
				4699E9F3273088E70027944B /* Event.swift in Sources */,
				4692BCB22734C1AD00FBB56B /* UIImage.swift in Sources */,
				4692BCB62734D09E00FBB56B /* Error.swift in Sources */,
				4699E9EB273076C40027944B /* EventTableViewCell.swift in Sources */,
			);
			runOnlyForDeploymentPostprocessing = 0;
		};
		4640E889273071150004242C /* Sources */ = {
			isa = PBXSourcesBuildPhase;
			buildActionMask = 2147483647;
			files = (
				4640E892273071150004242C /* WoopSicredi3Tests.swift in Sources */,
			);
			runOnlyForDeploymentPostprocessing = 0;
		};
		4640E893273071150004242C /* Sources */ = {
			isa = PBXSourcesBuildPhase;
			buildActionMask = 2147483647;
			files = (
				4640E89C273071150004242C /* WoopSicredi3UITests.swift in Sources */,
				4640E89E273071150004242C /* WoopSicredi3UITestsLaunchTests.swift in Sources */,
			);
			runOnlyForDeploymentPostprocessing = 0;
		};
/* End PBXSourcesBuildPhase section */

/* Begin PBXTargetDependency section */
		4640E88F273071150004242C /* PBXTargetDependency */ = {
			isa = PBXTargetDependency;
			target = 4640E876273071100004242C /* WoopSicredi3 */;
			targetProxy = 4640E88E273071150004242C /* PBXContainerItemProxy */;
		};
		4640E899273071150004242C /* PBXTargetDependency */ = {
			isa = PBXTargetDependency;
			target = 4640E876273071100004242C /* WoopSicredi3 */;
			targetProxy = 4640E898273071150004242C /* PBXContainerItemProxy */;
		};
/* End PBXTargetDependency section */

/* Begin PBXVariantGroup section */
		4640E880273071100004242C /* Main.storyboard */ = {
			isa = PBXVariantGroup;
			children = (
				4640E881273071100004242C /* Base */,
			);
			name = Main.storyboard;
			sourceTree = "<group>";
		};
		4640E885273071150004242C /* LaunchScreen.storyboard */ = {
			isa = PBXVariantGroup;
			children = (
				4640E886273071150004242C /* Base */,
			);
			name = LaunchScreen.storyboard;
			sourceTree = "<group>";
		};
/* End PBXVariantGroup section */

/* Begin XCBuildConfiguration section */
		4640E89F273071150004242C /* Debug */ = {
			isa = XCBuildConfiguration;
			buildSettings = {
				ALWAYS_SEARCH_USER_PATHS = NO;
				CLANG_ANALYZER_NONNULL = YES;
				CLANG_ANALYZER_NUMBER_OBJECT_CONVERSION = YES_AGGRESSIVE;
				CLANG_CXX_LANGUAGE_STANDARD = "gnu++17";
				CLANG_CXX_LIBRARY = "libc++";
				CLANG_ENABLE_MODULES = YES;
				CLANG_ENABLE_OBJC_ARC = YES;
				CLANG_ENABLE_OBJC_WEAK = YES;
				CLANG_WARN_BLOCK_CAPTURE_AUTORELEASING = YES;
				CLANG_WARN_BOOL_CONVERSION = YES;
				CLANG_WARN_COMMA = YES;
				CLANG_WARN_CONSTANT_CONVERSION = YES;
				CLANG_WARN_DEPRECATED_OBJC_IMPLEMENTATIONS = YES;
				CLANG_WARN_DIRECT_OBJC_ISA_USAGE = YES_ERROR;
				CLANG_WARN_DOCUMENTATION_COMMENTS = YES;
				CLANG_WARN_EMPTY_BODY = YES;
				CLANG_WARN_ENUM_CONVERSION = YES;
				CLANG_WARN_INFINITE_RECURSION = YES;
				CLANG_WARN_INT_CONVERSION = YES;
				CLANG_WARN_NON_LITERAL_NULL_CONVERSION = YES;
				CLANG_WARN_OBJC_IMPLICIT_RETAIN_SELF = YES;
				CLANG_WARN_OBJC_LITERAL_CONVERSION = YES;
				CLANG_WARN_OBJC_ROOT_CLASS = YES_ERROR;
				CLANG_WARN_QUOTED_INCLUDE_IN_FRAMEWORK_HEADER = YES;
				CLANG_WARN_RANGE_LOOP_ANALYSIS = YES;
				CLANG_WARN_STRICT_PROTOTYPES = YES;
				CLANG_WARN_SUSPICIOUS_MOVE = YES;
				CLANG_WARN_UNGUARDED_AVAILABILITY = YES_AGGRESSIVE;
				CLANG_WARN_UNREACHABLE_CODE = YES;
				CLANG_WARN__DUPLICATE_METHOD_MATCH = YES;
				COPY_PHASE_STRIP = NO;
				DEBUG_INFORMATION_FORMAT = dwarf;
				ENABLE_STRICT_OBJC_MSGSEND = YES;
				ENABLE_TESTABILITY = YES;
				GCC_C_LANGUAGE_STANDARD = gnu11;
				GCC_DYNAMIC_NO_PIC = NO;
				GCC_NO_COMMON_BLOCKS = YES;
				GCC_OPTIMIZATION_LEVEL = 0;
				GCC_PREPROCESSOR_DEFINITIONS = (
					"DEBUG=1",
					"$(inherited)",
				);
				GCC_WARN_64_TO_32_BIT_CONVERSION = YES;
				GCC_WARN_ABOUT_RETURN_TYPE = YES_ERROR;
				GCC_WARN_UNDECLARED_SELECTOR = YES;
				GCC_WARN_UNINITIALIZED_AUTOS = YES_AGGRESSIVE;
				GCC_WARN_UNUSED_FUNCTION = YES;
				GCC_WARN_UNUSED_VARIABLE = YES;
				IPHONEOS_DEPLOYMENT_TARGET = 15.0;
				MTL_ENABLE_DEBUG_INFO = INCLUDE_SOURCE;
				MTL_FAST_MATH = YES;
				ONLY_ACTIVE_ARCH = YES;
				SDKROOT = iphoneos;
				SWIFT_ACTIVE_COMPILATION_CONDITIONS = DEBUG;
				SWIFT_OPTIMIZATION_LEVEL = "-Onone";
			};
			name = Debug;
		};
		4640E8A0273071150004242C /* Release */ = {
			isa = XCBuildConfiguration;
			buildSettings = {
				ALWAYS_SEARCH_USER_PATHS = NO;
				CLANG_ANALYZER_NONNULL = YES;
				CLANG_ANALYZER_NUMBER_OBJECT_CONVERSION = YES_AGGRESSIVE;
				CLANG_CXX_LANGUAGE_STANDARD = "gnu++17";
				CLANG_CXX_LIBRARY = "libc++";
				CLANG_ENABLE_MODULES = YES;
				CLANG_ENABLE_OBJC_ARC = YES;
				CLANG_ENABLE_OBJC_WEAK = YES;
				CLANG_WARN_BLOCK_CAPTURE_AUTORELEASING = YES;
				CLANG_WARN_BOOL_CONVERSION = YES;
				CLANG_WARN_COMMA = YES;
				CLANG_WARN_CONSTANT_CONVERSION = YES;
				CLANG_WARN_DEPRECATED_OBJC_IMPLEMENTATIONS = YES;
				CLANG_WARN_DIRECT_OBJC_ISA_USAGE = YES_ERROR;
				CLANG_WARN_DOCUMENTATION_COMMENTS = YES;
				CLANG_WARN_EMPTY_BODY = YES;
				CLANG_WARN_ENUM_CONVERSION = YES;
				CLANG_WARN_INFINITE_RECURSION = YES;
				CLANG_WARN_INT_CONVERSION = YES;
				CLANG_WARN_NON_LITERAL_NULL_CONVERSION = YES;
				CLANG_WARN_OBJC_IMPLICIT_RETAIN_SELF = YES;
				CLANG_WARN_OBJC_LITERAL_CONVERSION = YES;
				CLANG_WARN_OBJC_ROOT_CLASS = YES_ERROR;
				CLANG_WARN_QUOTED_INCLUDE_IN_FRAMEWORK_HEADER = YES;
				CLANG_WARN_RANGE_LOOP_ANALYSIS = YES;
				CLANG_WARN_STRICT_PROTOTYPES = YES;
				CLANG_WARN_SUSPICIOUS_MOVE = YES;
				CLANG_WARN_UNGUARDED_AVAILABILITY = YES_AGGRESSIVE;
				CLANG_WARN_UNREACHABLE_CODE = YES;
				CLANG_WARN__DUPLICATE_METHOD_MATCH = YES;
				COPY_PHASE_STRIP = NO;
				DEBUG_INFORMATION_FORMAT = "dwarf-with-dsym";
				ENABLE_NS_ASSERTIONS = NO;
				ENABLE_STRICT_OBJC_MSGSEND = YES;
				GCC_C_LANGUAGE_STANDARD = gnu11;
				GCC_NO_COMMON_BLOCKS = YES;
				GCC_WARN_64_TO_32_BIT_CONVERSION = YES;
				GCC_WARN_ABOUT_RETURN_TYPE = YES_ERROR;
				GCC_WARN_UNDECLARED_SELECTOR = YES;
				GCC_WARN_UNINITIALIZED_AUTOS = YES_AGGRESSIVE;
				GCC_WARN_UNUSED_FUNCTION = YES;
				GCC_WARN_UNUSED_VARIABLE = YES;
				IPHONEOS_DEPLOYMENT_TARGET = 15.0;
				MTL_ENABLE_DEBUG_INFO = NO;
				MTL_FAST_MATH = YES;
				SDKROOT = iphoneos;
				SWIFT_COMPILATION_MODE = wholemodule;
				SWIFT_OPTIMIZATION_LEVEL = "-O";
				VALIDATE_PRODUCT = YES;
			};
			name = Release;
		};
		4640E8A2273071150004242C /* Debug */ = {
			isa = XCBuildConfiguration;
			baseConfigurationReference = A090F8F3A8673D24856144DC /* Pods-WoopSicredi3.debug.xcconfig */;
			buildSettings = {
				ASSETCATALOG_COMPILER_APPICON_NAME = AppIcon;
				ASSETCATALOG_COMPILER_GLOBAL_ACCENT_COLOR_NAME = AccentColor;
				CODE_SIGN_STYLE = Automatic;
				CURRENT_PROJECT_VERSION = 1;
				DEVELOPMENT_TEAM = Z39J8HS946;
				GENERATE_INFOPLIST_FILE = YES;
				INFOPLIST_FILE = WoopSicredi3/Support/Info.plist;
				INFOPLIST_KEY_UIApplicationSupportsIndirectInputEvents = YES;
				INFOPLIST_KEY_UILaunchStoryboardName = LaunchScreen;
				INFOPLIST_KEY_UIMainStoryboardFile = Main;
				INFOPLIST_KEY_UISupportedInterfaceOrientations = UIInterfaceOrientationPortrait;
				INFOPLIST_KEY_UISupportedInterfaceOrientations_iPad = "UIInterfaceOrientationPortrait UIInterfaceOrientationPortraitUpsideDown UIInterfaceOrientationLandscapeLeft UIInterfaceOrientationLandscapeRight";
				INFOPLIST_KEY_UISupportedInterfaceOrientations_iPhone = "UIInterfaceOrientationPortrait UIInterfaceOrientationLandscapeLeft UIInterfaceOrientationLandscapeRight";
				IPHONEOS_DEPLOYMENT_TARGET = 13.0;
				LD_RUNPATH_SEARCH_PATHS = (
					"$(inherited)",
					"@executable_path/Frameworks",
				);
				MARKETING_VERSION = 1.0;
				PRODUCT_BUNDLE_IDENTIFIER = desafio.WoopSicredi3;
				PRODUCT_NAME = "$(TARGET_NAME)";
				SWIFT_EMIT_LOC_STRINGS = YES;
				SWIFT_VERSION = 5.0;
				TARGETED_DEVICE_FAMILY = 1;
			};
			name = Debug;
		};
		4640E8A3273071150004242C /* Release */ = {
			isa = XCBuildConfiguration;
			baseConfigurationReference = DFD2E25B296F194A37F2C370 /* Pods-WoopSicredi3.release.xcconfig */;
			buildSettings = {
				ASSETCATALOG_COMPILER_APPICON_NAME = AppIcon;
				ASSETCATALOG_COMPILER_GLOBAL_ACCENT_COLOR_NAME = AccentColor;
				CODE_SIGN_STYLE = Automatic;
				CURRENT_PROJECT_VERSION = 1;
				DEVELOPMENT_TEAM = Z39J8HS946;
				GENERATE_INFOPLIST_FILE = YES;
				INFOPLIST_FILE = WoopSicredi3/Support/Info.plist;
				INFOPLIST_KEY_UIApplicationSupportsIndirectInputEvents = YES;
				INFOPLIST_KEY_UILaunchStoryboardName = LaunchScreen;
				INFOPLIST_KEY_UIMainStoryboardFile = Main;
				INFOPLIST_KEY_UISupportedInterfaceOrientations = UIInterfaceOrientationPortrait;
				INFOPLIST_KEY_UISupportedInterfaceOrientations_iPad = "UIInterfaceOrientationPortrait UIInterfaceOrientationPortraitUpsideDown UIInterfaceOrientationLandscapeLeft UIInterfaceOrientationLandscapeRight";
				INFOPLIST_KEY_UISupportedInterfaceOrientations_iPhone = "UIInterfaceOrientationPortrait UIInterfaceOrientationLandscapeLeft UIInterfaceOrientationLandscapeRight";
				IPHONEOS_DEPLOYMENT_TARGET = 13.0;
				LD_RUNPATH_SEARCH_PATHS = (
					"$(inherited)",
					"@executable_path/Frameworks",
				);
				MARKETING_VERSION = 1.0;
				PRODUCT_BUNDLE_IDENTIFIER = desafio.WoopSicredi3;
				PRODUCT_NAME = "$(TARGET_NAME)";
				SWIFT_EMIT_LOC_STRINGS = YES;
				SWIFT_VERSION = 5.0;
				TARGETED_DEVICE_FAMILY = 1;
			};
			name = Release;
		};
		4640E8A5273071150004242C /* Debug */ = {
			isa = XCBuildConfiguration;
			baseConfigurationReference = 82053D532FFC1760DDAECE7A /* Pods-WoopSicredi3Tests.debug.xcconfig */;
			buildSettings = {
				BUNDLE_LOADER = "$(TEST_HOST)";
				CODE_SIGN_STYLE = Automatic;
				CURRENT_PROJECT_VERSION = 1;
				DEVELOPMENT_TEAM = Z39J8HS946;
				GENERATE_INFOPLIST_FILE = YES;
				IPHONEOS_DEPLOYMENT_TARGET = 15.0;
				LD_RUNPATH_SEARCH_PATHS = (
					"$(inherited)",
					"@executable_path/Frameworks",
					"@loader_path/Frameworks",
				);
				MARKETING_VERSION = 1.0;
				PRODUCT_BUNDLE_IDENTIFIER = desafio.WoopSicredi3Tests;
				PRODUCT_NAME = "$(TARGET_NAME)";
				SWIFT_EMIT_LOC_STRINGS = NO;
				SWIFT_VERSION = 5.0;
				TARGETED_DEVICE_FAMILY = "1,2";
				TEST_HOST = "$(BUILT_PRODUCTS_DIR)/WoopSicredi3.app/WoopSicredi3";
			};
			name = Debug;
		};
		4640E8A6273071150004242C /* Release */ = {
			isa = XCBuildConfiguration;
			baseConfigurationReference = 186BF56C4B8323028D1B53F5 /* Pods-WoopSicredi3Tests.release.xcconfig */;
			buildSettings = {
				BUNDLE_LOADER = "$(TEST_HOST)";
				CODE_SIGN_STYLE = Automatic;
				CURRENT_PROJECT_VERSION = 1;
				DEVELOPMENT_TEAM = Z39J8HS946;
				GENERATE_INFOPLIST_FILE = YES;
				IPHONEOS_DEPLOYMENT_TARGET = 15.0;
				LD_RUNPATH_SEARCH_PATHS = (
					"$(inherited)",
					"@executable_path/Frameworks",
					"@loader_path/Frameworks",
				);
				MARKETING_VERSION = 1.0;
				PRODUCT_BUNDLE_IDENTIFIER = desafio.WoopSicredi3Tests;
				PRODUCT_NAME = "$(TARGET_NAME)";
				SWIFT_EMIT_LOC_STRINGS = NO;
				SWIFT_VERSION = 5.0;
				TARGETED_DEVICE_FAMILY = "1,2";
				TEST_HOST = "$(BUILT_PRODUCTS_DIR)/WoopSicredi3.app/WoopSicredi3";
			};
			name = Release;
		};
		4640E8A8273071150004242C /* Debug */ = {
			isa = XCBuildConfiguration;
			buildSettings = {
				CODE_SIGN_STYLE = Automatic;
				CURRENT_PROJECT_VERSION = 1;
				DEVELOPMENT_TEAM = Z39J8HS946;
				GENERATE_INFOPLIST_FILE = YES;
				LD_RUNPATH_SEARCH_PATHS = (
					"$(inherited)",
					"@executable_path/Frameworks",
					"@loader_path/Frameworks",
				);
				MARKETING_VERSION = 1.0;
				PRODUCT_BUNDLE_IDENTIFIER = desafio.WoopSicredi3UITests;
				PRODUCT_NAME = "$(TARGET_NAME)";
				SWIFT_EMIT_LOC_STRINGS = NO;
				SWIFT_VERSION = 5.0;
				TARGETED_DEVICE_FAMILY = "1,2";
				TEST_TARGET_NAME = WoopSicredi3;
			};
			name = Debug;
		};
		4640E8A9273071150004242C /* Release */ = {
			isa = XCBuildConfiguration;
			buildSettings = {
				CODE_SIGN_STYLE = Automatic;
				CURRENT_PROJECT_VERSION = 1;
				DEVELOPMENT_TEAM = Z39J8HS946;
				GENERATE_INFOPLIST_FILE = YES;
				LD_RUNPATH_SEARCH_PATHS = (
					"$(inherited)",
					"@executable_path/Frameworks",
					"@loader_path/Frameworks",
				);
				MARKETING_VERSION = 1.0;
				PRODUCT_BUNDLE_IDENTIFIER = desafio.WoopSicredi3UITests;
				PRODUCT_NAME = "$(TARGET_NAME)";
				SWIFT_EMIT_LOC_STRINGS = NO;
				SWIFT_VERSION = 5.0;
				TARGETED_DEVICE_FAMILY = "1,2";
				TEST_TARGET_NAME = WoopSicredi3;
			};
			name = Release;
		};
/* End XCBuildConfiguration section */

/* Begin XCConfigurationList section */
		4640E872273071100004242C /* Build configuration list for PBXProject "WoopSicredi3" */ = {
			isa = XCConfigurationList;
			buildConfigurations = (
				4640E89F273071150004242C /* Debug */,
				4640E8A0273071150004242C /* Release */,
			);
			defaultConfigurationIsVisible = 0;
			defaultConfigurationName = Release;
		};
		4640E8A1273071150004242C /* Build configuration list for PBXNativeTarget "WoopSicredi3" */ = {
			isa = XCConfigurationList;
			buildConfigurations = (
				4640E8A2273071150004242C /* Debug */,
				4640E8A3273071150004242C /* Release */,
			);
			defaultConfigurationIsVisible = 0;
			defaultConfigurationName = Release;
		};
		4640E8A4273071150004242C /* Build configuration list for PBXNativeTarget "WoopSicredi3Tests" */ = {
			isa = XCConfigurationList;
			buildConfigurations = (
				4640E8A5273071150004242C /* Debug */,
				4640E8A6273071150004242C /* Release */,
			);
			defaultConfigurationIsVisible = 0;
			defaultConfigurationName = Release;
		};
		4640E8A7273071150004242C /* Build configuration list for PBXNativeTarget "WoopSicredi3UITests" */ = {
			isa = XCConfigurationList;
			buildConfigurations = (
				4640E8A8273071150004242C /* Debug */,
				4640E8A9273071150004242C /* Release */,
			);
			defaultConfigurationIsVisible = 0;
			defaultConfigurationName = Release;
		};
/* End XCConfigurationList section */
	};
	rootObject = 4640E86F273071100004242C /* Project object */;
}
